// !$*UTF8*$!
{
	archiveVersion = 1;
	classes = {
	};
	objectVersion = 56;
	objects = {

/* Begin PBXBuildFile section */
		71568B8E2995572C00F5C14E /* ReqresService.swift in Sources */ = {isa = PBXBuildFile; fileRef = 71568B8D2995572C00F5C14E /* ReqresService.swift */; };
		71568B90299557F200F5C14E /* ReqresEndpoint.swift in Sources */ = {isa = PBXBuildFile; fileRef = 71568B8F299557F200F5C14E /* ReqresEndpoint.swift */; };
		71568B9229955A7000F5C14E /* ResponseData.swift in Sources */ = {isa = PBXBuildFile; fileRef = 71568B9129955A7000F5C14E /* ResponseData.swift */; };
		71A688C929CE8AC200FC361B /* PostModel.swift in Sources */ = {isa = PBXBuildFile; fileRef = 71A688C829CE8AC200FC361B /* PostModel.swift */; };
		71A688CB29CE8CCE00FC361B /* PostResponseModel.swift in Sources */ = {isa = PBXBuildFile; fileRef = 71A688CA29CE8CCE00FC361B /* PostResponseModel.swift */; };
		71B181892A1FA875000C6792 /* CodeScanner in Frameworks */ = {isa = PBXBuildFile; productRef = 71B181882A1FA875000C6792 /* CodeScanner */; };
		71B1818B2A1FA8D4000C6792 /* ScannerView.swift in Sources */ = {isa = PBXBuildFile; fileRef = 71B1818A2A1FA8D4000C6792 /* ScannerView.swift */; };
		71B1818D2A1FA911000C6792 /* MyScanResult.swift in Sources */ = {isa = PBXBuildFile; fileRef = 71B1818C2A1FA911000C6792 /* MyScanResult.swift */; };
		71B181952A1FAC90000C6792 /* SWAPITests.swift in Sources */ = {isa = PBXBuildFile; fileRef = 71B181942A1FAC90000C6792 /* SWAPITests.swift */; };
		71C064C02985727B0070E1C4 /* SWAPIApp.swift in Sources */ = {isa = PBXBuildFile; fileRef = 71C064BF2985727B0070E1C4 /* SWAPIApp.swift */; };
		71C064C22985727B0070E1C4 /* ContentView.swift in Sources */ = {isa = PBXBuildFile; fileRef = 71C064C12985727B0070E1C4 /* ContentView.swift */; };
		71C064C4298572820070E1C4 /* Assets.xcassets in Resources */ = {isa = PBXBuildFile; fileRef = 71C064C3298572820070E1C4 /* Assets.xcassets */; };
		71C064C7298572820070E1C4 /* Preview Assets.xcassets in Resources */ = {isa = PBXBuildFile; fileRef = 71C064C6298572820070E1C4 /* Preview Assets.xcassets */; };
		71D29F89298573FC0022095C /* HttpMethod.swift in Sources */ = {isa = PBXBuildFile; fileRef = 71D29F84298573FC0022095C /* HttpMethod.swift */; };
		71D29F8A298573FC0022095C /* HttpClient.swift in Sources */ = {isa = PBXBuildFile; fileRef = 71D29F85298573FC0022095C /* HttpClient.swift */; };
		71D29F8B298573FC0022095C /* RequestError.swift in Sources */ = {isa = PBXBuildFile; fileRef = 71D29F86298573FC0022095C /* RequestError.swift */; };
		71D29F8C298573FC0022095C /* Endpoint.swift in Sources */ = {isa = PBXBuildFile; fileRef = 71D29F87298573FC0022095C /* Endpoint.swift */; };
		71D29F94298579FA0022095C /* ContentViewModel.swift in Sources */ = {isa = PBXBuildFile; fileRef = 71D29F93298579FA0022095C /* ContentViewModel.swift */; };
		71D4E91C29ED9826006BDCCD /* SWAPIUITests.swift in Sources */ = {isa = PBXBuildFile; fileRef = 71D4E91B29ED9826006BDCCD /* SWAPIUITests.swift */; };
		71D4E91E29ED9826006BDCCD /* SWAPIUITestsLaunchTests.swift in Sources */ = {isa = PBXBuildFile; fileRef = 71D4E91D29ED9826006BDCCD /* SWAPIUITestsLaunchTests.swift */; };
/* End PBXBuildFile section */

/* Begin PBXContainerItemProxy section */
		71B181962A1FAC90000C6792 /* PBXContainerItemProxy */ = {
			isa = PBXContainerItemProxy;
			containerPortal = 71C064B42985727B0070E1C4 /* Project object */;
			proxyType = 1;
			remoteGlobalIDString = 71C064BB2985727B0070E1C4;
			remoteInfo = SWAPI;
		};
		71D4E91F29ED9826006BDCCD /* PBXContainerItemProxy */ = {
			isa = PBXContainerItemProxy;
			containerPortal = 71C064B42985727B0070E1C4 /* Project object */;
			proxyType = 1;
			remoteGlobalIDString = 71C064BB2985727B0070E1C4;
			remoteInfo = SWAPI;
		};
/* End PBXContainerItemProxy section */

/* Begin PBXFileReference section */
		71568B8D2995572C00F5C14E /* ReqresService.swift */ = {isa = PBXFileReference; lastKnownFileType = sourcecode.swift; path = ReqresService.swift; sourceTree = "<group>"; };
		71568B8F299557F200F5C14E /* ReqresEndpoint.swift */ = {isa = PBXFileReference; lastKnownFileType = sourcecode.swift; path = ReqresEndpoint.swift; sourceTree = "<group>"; };
		71568B9129955A7000F5C14E /* ResponseData.swift */ = {isa = PBXFileReference; lastKnownFileType = sourcecode.swift; path = ResponseData.swift; sourceTree = "<group>"; };
		71A688C829CE8AC200FC361B /* PostModel.swift */ = {isa = PBXFileReference; lastKnownFileType = sourcecode.swift; path = PostModel.swift; sourceTree = "<group>"; };
		71A688CA29CE8CCE00FC361B /* PostResponseModel.swift */ = {isa = PBXFileReference; lastKnownFileType = sourcecode.swift; path = PostResponseModel.swift; sourceTree = "<group>"; };
		71B1818A2A1FA8D4000C6792 /* ScannerView.swift */ = {isa = PBXFileReference; lastKnownFileType = sourcecode.swift; path = ScannerView.swift; sourceTree = "<group>"; };
		71B1818C2A1FA911000C6792 /* MyScanResult.swift */ = {isa = PBXFileReference; lastKnownFileType = sourcecode.swift; path = MyScanResult.swift; sourceTree = "<group>"; };
		71B181922A1FAC90000C6792 /* SWAPITests.xctest */ = {isa = PBXFileReference; explicitFileType = wrapper.cfbundle; includeInIndex = 0; path = SWAPITests.xctest; sourceTree = BUILT_PRODUCTS_DIR; };
		71B181942A1FAC90000C6792 /* SWAPITests.swift */ = {isa = PBXFileReference; lastKnownFileType = sourcecode.swift; path = SWAPITests.swift; sourceTree = "<group>"; };
		71C064BC2985727B0070E1C4 /* SWAPI.app */ = {isa = PBXFileReference; explicitFileType = wrapper.application; includeInIndex = 0; path = SWAPI.app; sourceTree = BUILT_PRODUCTS_DIR; };
		71C064BF2985727B0070E1C4 /* SWAPIApp.swift */ = {isa = PBXFileReference; lastKnownFileType = sourcecode.swift; path = SWAPIApp.swift; sourceTree = "<group>"; };
		71C064C12985727B0070E1C4 /* ContentView.swift */ = {isa = PBXFileReference; lastKnownFileType = sourcecode.swift; path = ContentView.swift; sourceTree = "<group>"; };
		71C064C3298572820070E1C4 /* Assets.xcassets */ = {isa = PBXFileReference; lastKnownFileType = folder.assetcatalog; path = Assets.xcassets; sourceTree = "<group>"; };
		71C064C6298572820070E1C4 /* Preview Assets.xcassets */ = {isa = PBXFileReference; lastKnownFileType = folder.assetcatalog; path = "Preview Assets.xcassets"; sourceTree = "<group>"; };
		71D29F84298573FC0022095C /* HttpMethod.swift */ = {isa = PBXFileReference; fileEncoding = 4; lastKnownFileType = sourcecode.swift; path = HttpMethod.swift; sourceTree = "<group>"; };
		71D29F85298573FC0022095C /* HttpClient.swift */ = {isa = PBXFileReference; fileEncoding = 4; lastKnownFileType = sourcecode.swift; path = HttpClient.swift; sourceTree = "<group>"; };
		71D29F86298573FC0022095C /* RequestError.swift */ = {isa = PBXFileReference; fileEncoding = 4; lastKnownFileType = sourcecode.swift; path = RequestError.swift; sourceTree = "<group>"; };
		71D29F87298573FC0022095C /* Endpoint.swift */ = {isa = PBXFileReference; fileEncoding = 4; lastKnownFileType = sourcecode.swift; path = Endpoint.swift; sourceTree = "<group>"; };
		71D29F93298579FA0022095C /* ContentViewModel.swift */ = {isa = PBXFileReference; lastKnownFileType = sourcecode.swift; path = ContentViewModel.swift; sourceTree = "<group>"; };
		71D4E91929ED9826006BDCCD /* SWAPIUITests.xctest */ = {isa = PBXFileReference; explicitFileType = wrapper.cfbundle; includeInIndex = 0; path = SWAPIUITests.xctest; sourceTree = BUILT_PRODUCTS_DIR; };
		71D4E91B29ED9826006BDCCD /* SWAPIUITests.swift */ = {isa = PBXFileReference; lastKnownFileType = sourcecode.swift; path = SWAPIUITests.swift; sourceTree = "<group>"; };
		71D4E91D29ED9826006BDCCD /* SWAPIUITestsLaunchTests.swift */ = {isa = PBXFileReference; lastKnownFileType = sourcecode.swift; path = SWAPIUITestsLaunchTests.swift; sourceTree = "<group>"; };
/* End PBXFileReference section */

/* Begin PBXFrameworksBuildPhase section */
		71B1818F2A1FAC90000C6792 /* Frameworks */ = {
			isa = PBXFrameworksBuildPhase;
			buildActionMask = 2147483647;
			files = (
			);
			runOnlyForDeploymentPostprocessing = 0;
		};
		71C064B92985727B0070E1C4 /* Frameworks */ = {
			isa = PBXFrameworksBuildPhase;
			buildActionMask = 2147483647;
			files = (
				71B181892A1FA875000C6792 /* CodeScanner in Frameworks */,
			);
			runOnlyForDeploymentPostprocessing = 0;
		};
		71D4E91629ED9826006BDCCD /* Frameworks */ = {
			isa = PBXFrameworksBuildPhase;
			buildActionMask = 2147483647;
			files = (
			);
			runOnlyForDeploymentPostprocessing = 0;
		};
/* End PBXFrameworksBuildPhase section */

/* Begin PBXGroup section */
		713BB37D29C3427000104FF0 /* Frameworks */ = {
			isa = PBXGroup;
			children = (
			);
			name = Frameworks;
			sourceTree = "<group>";
		};
		71B181932A1FAC90000C6792 /* SWAPITests */ = {
			isa = PBXGroup;
			children = (
				71B181942A1FAC90000C6792 /* SWAPITests.swift */,
			);
			path = SWAPITests;
			sourceTree = "<group>";
		};
		71C064B32985727B0070E1C4 = {
			isa = PBXGroup;
			children = (
				71C064BE2985727B0070E1C4 /* SWAPI */,
				71D4E91A29ED9826006BDCCD /* SWAPIUITests */,
				71B181932A1FAC90000C6792 /* SWAPITests */,
				71C064BD2985727B0070E1C4 /* Products */,
				713BB37D29C3427000104FF0 /* Frameworks */,
			);
			sourceTree = "<group>";
		};
		71C064BD2985727B0070E1C4 /* Products */ = {
			isa = PBXGroup;
			children = (
				71C064BC2985727B0070E1C4 /* SWAPI.app */,
				71D4E91929ED9826006BDCCD /* SWAPIUITests.xctest */,
				71B181922A1FAC90000C6792 /* SWAPITests.xctest */,
			);
			name = Products;
			sourceTree = "<group>";
		};
		71C064BE2985727B0070E1C4 /* SWAPI */ = {
			isa = PBXGroup;
			children = (
				71C064BF2985727B0070E1C4 /* SWAPIApp.swift */,
				71C064C12985727B0070E1C4 /* ContentView.swift */,
				71B1818A2A1FA8D4000C6792 /* ScannerView.swift */,
				71D29F93298579FA0022095C /* ContentViewModel.swift */,
				71D29F80298573FC0022095C /* Models */,
				71D29F81298573FC0022095C /* Network */,
				71C064C3298572820070E1C4 /* Assets.xcassets */,
				71C064C5298572820070E1C4 /* Preview Content */,
			);
			path = SWAPI;
			sourceTree = "<group>";
		};
		71C064C5298572820070E1C4 /* Preview Content */ = {
			isa = PBXGroup;
			children = (
				71C064C6298572820070E1C4 /* Preview Assets.xcassets */,
			);
			path = "Preview Content";
			sourceTree = "<group>";
		};
		71D29F80298573FC0022095C /* Models */ = {
			isa = PBXGroup;
			children = (
				71568B9129955A7000F5C14E /* ResponseData.swift */,
				71A688C829CE8AC200FC361B /* PostModel.swift */,
				71A688CA29CE8CCE00FC361B /* PostResponseModel.swift */,
				71B1818C2A1FA911000C6792 /* MyScanResult.swift */,
			);
			path = Models;
			sourceTree = "<group>";
		};
		71D29F81298573FC0022095C /* Network */ = {
			isa = PBXGroup;
			children = (
				71D29F82298573FC0022095C /* Endpoint */,
				71D29F83298573FC0022095C /* Base */,
				71D29F88298573FC0022095C /* Services */,
			);
			path = Network;
			sourceTree = "<group>";
		};
		71D29F82298573FC0022095C /* Endpoint */ = {
			isa = PBXGroup;
			children = (
				71568B8F299557F200F5C14E /* ReqresEndpoint.swift */,
			);
			path = Endpoint;
			sourceTree = "<group>";
		};
		71D29F83298573FC0022095C /* Base */ = {
			isa = PBXGroup;
			children = (
				71D29F84298573FC0022095C /* HttpMethod.swift */,
				71D29F85298573FC0022095C /* HttpClient.swift */,
				71D29F86298573FC0022095C /* RequestError.swift */,
				71D29F87298573FC0022095C /* Endpoint.swift */,
			);
			path = Base;
			sourceTree = "<group>";
		};
		71D29F88298573FC0022095C /* Services */ = {
			isa = PBXGroup;
			children = (
				71568B8D2995572C00F5C14E /* ReqresService.swift */,
			);
			path = Services;
			sourceTree = "<group>";
		};
		71D4E91A29ED9826006BDCCD /* SWAPIUITests */ = {
			isa = PBXGroup;
			children = (
				71D4E91B29ED9826006BDCCD /* SWAPIUITests.swift */,
				71D4E91D29ED9826006BDCCD /* SWAPIUITestsLaunchTests.swift */,
			);
			path = SWAPIUITests;
			sourceTree = "<group>";
		};
/* End PBXGroup section */

/* Begin PBXNativeTarget section */
		71B181912A1FAC90000C6792 /* SWAPITests */ = {
			isa = PBXNativeTarget;
			buildConfigurationList = 71B181982A1FAC90000C6792 /* Build configuration list for PBXNativeTarget "SWAPITests" */;
			buildPhases = (
				71B1818E2A1FAC90000C6792 /* Sources */,
				71B1818F2A1FAC90000C6792 /* Frameworks */,
				71B181902A1FAC90000C6792 /* Resources */,
			);
			buildRules = (
			);
			dependencies = (
				71B181972A1FAC90000C6792 /* PBXTargetDependency */,
			);
			name = SWAPITests;
			productName = SWAPITests;
			productReference = 71B181922A1FAC90000C6792 /* SWAPITests.xctest */;
			productType = "com.apple.product-type.bundle.unit-test";
		};
		71C064BB2985727B0070E1C4 /* SWAPI */ = {
			isa = PBXNativeTarget;
			buildConfigurationList = 71C064CA298572820070E1C4 /* Build configuration list for PBXNativeTarget "SWAPI" */;
			buildPhases = (
				71C064B82985727B0070E1C4 /* Sources */,
				71C064B92985727B0070E1C4 /* Frameworks */,
				71C064BA2985727B0070E1C4 /* Resources */,
			);
			buildRules = (
			);
			dependencies = (
			);
			name = SWAPI;
			packageProductDependencies = (
				71B181882A1FA875000C6792 /* CodeScanner */,
			);
			productName = SWAPI;
			productReference = 71C064BC2985727B0070E1C4 /* SWAPI.app */;
			productType = "com.apple.product-type.application";
		};
		71D4E91829ED9826006BDCCD /* SWAPIUITests */ = {
			isa = PBXNativeTarget;
			buildConfigurationList = 71D4E92329ED9826006BDCCD /* Build configuration list for PBXNativeTarget "SWAPIUITests" */;
			buildPhases = (
				71D4E91529ED9826006BDCCD /* Sources */,
				71D4E91629ED9826006BDCCD /* Frameworks */,
				71D4E91729ED9826006BDCCD /* Resources */,
			);
			buildRules = (
			);
			dependencies = (
				71D4E92029ED9826006BDCCD /* PBXTargetDependency */,
			);
			name = SWAPIUITests;
			packageProductDependencies = (
			);
			productName = SWAPIUITests;
			productReference = 71D4E91929ED9826006BDCCD /* SWAPIUITests.xctest */;
			productType = "com.apple.product-type.bundle.ui-testing";
		};
/* End PBXNativeTarget section */

/* Begin PBXProject section */
		71C064B42985727B0070E1C4 /* Project object */ = {
			isa = PBXProject;
			attributes = {
				BuildIndependentTargetsInParallel = 1;
				LastSwiftUpdateCheck = 1420;
				LastUpgradeCheck = 1420;
				TargetAttributes = {
					71B181912A1FAC90000C6792 = {
						CreatedOnToolsVersion = 14.2;
						TestTargetID = 71C064BB2985727B0070E1C4;
					};
					71C064BB2985727B0070E1C4 = {
						CreatedOnToolsVersion = 14.2;
					};
					71D4E91829ED9826006BDCCD = {
						CreatedOnToolsVersion = 14.2;
						TestTargetID = 71C064BB2985727B0070E1C4;
					};
				};
			};
			buildConfigurationList = 71C064B72985727B0070E1C4 /* Build configuration list for PBXProject "SWAPI" */;
			compatibilityVersion = "Xcode 14.0";
			developmentRegion = en;
			hasScannedForEncodings = 0;
			knownRegions = (
				en,
				Base,
			);
			mainGroup = 71C064B32985727B0070E1C4;
			packageReferences = (
				71B181872A1FA875000C6792 /* XCRemoteSwiftPackageReference "CodeScanner" */,
			);
			productRefGroup = 71C064BD2985727B0070E1C4 /* Products */;
			projectDirPath = "";
			projectRoot = "";
			targets = (
				71C064BB2985727B0070E1C4 /* SWAPI */,
				71D4E91829ED9826006BDCCD /* SWAPIUITests */,
				71B181912A1FAC90000C6792 /* SWAPITests */,
			);
		};
/* End PBXProject section */

/* Begin PBXResourcesBuildPhase section */
		71B181902A1FAC90000C6792 /* Resources */ = {
			isa = PBXResourcesBuildPhase;
			buildActionMask = 2147483647;
			files = (
			);
			runOnlyForDeploymentPostprocessing = 0;
		};
		71C064BA2985727B0070E1C4 /* Resources */ = {
			isa = PBXResourcesBuildPhase;
			buildActionMask = 2147483647;
			files = (
				71C064C7298572820070E1C4 /* Preview Assets.xcassets in Resources */,
				71C064C4298572820070E1C4 /* Assets.xcassets in Resources */,
			);
			runOnlyForDeploymentPostprocessing = 0;
		};
		71D4E91729ED9826006BDCCD /* Resources */ = {
			isa = PBXResourcesBuildPhase;
			buildActionMask = 2147483647;
			files = (
			);
			runOnlyForDeploymentPostprocessing = 0;
		};
/* End PBXResourcesBuildPhase section */

/* Begin PBXSourcesBuildPhase section */
		71B1818E2A1FAC90000C6792 /* Sources */ = {
			isa = PBXSourcesBuildPhase;
			buildActionMask = 2147483647;
			files = (
				71B181952A1FAC90000C6792 /* SWAPITests.swift in Sources */,
			);
			runOnlyForDeploymentPostprocessing = 0;
		};
		71C064B82985727B0070E1C4 /* Sources */ = {
			isa = PBXSourcesBuildPhase;
			buildActionMask = 2147483647;
			files = (
				71C064C22985727B0070E1C4 /* ContentView.swift in Sources */,
				71D29F8B298573FC0022095C /* RequestError.swift in Sources */,
				71D29F89298573FC0022095C /* HttpMethod.swift in Sources */,
				71D29F94298579FA0022095C /* ContentViewModel.swift in Sources */,
				71B1818B2A1FA8D4000C6792 /* ScannerView.swift in Sources */,
				71A688CB29CE8CCE00FC361B /* PostResponseModel.swift in Sources */,
				71568B8E2995572C00F5C14E /* ReqresService.swift in Sources */,
				71D29F8A298573FC0022095C /* HttpClient.swift in Sources */,
				71568B9229955A7000F5C14E /* ResponseData.swift in Sources */,
				71568B90299557F200F5C14E /* ReqresEndpoint.swift in Sources */,
				71D29F8C298573FC0022095C /* Endpoint.swift in Sources */,
				71B1818D2A1FA911000C6792 /* MyScanResult.swift in Sources */,
				71C064C02985727B0070E1C4 /* SWAPIApp.swift in Sources */,
				71A688C929CE8AC200FC361B /* PostModel.swift in Sources */,
			);
			runOnlyForDeploymentPostprocessing = 0;
		};
		71D4E91529ED9826006BDCCD /* Sources */ = {
			isa = PBXSourcesBuildPhase;
			buildActionMask = 2147483647;
			files = (
				71D4E91C29ED9826006BDCCD /* SWAPIUITests.swift in Sources */,
				71D4E91E29ED9826006BDCCD /* SWAPIUITestsLaunchTests.swift in Sources */,
			);
			runOnlyForDeploymentPostprocessing = 0;
		};
/* End PBXSourcesBuildPhase section */

/* Begin PBXTargetDependency section */
		71B181972A1FAC90000C6792 /* PBXTargetDependency */ = {
			isa = PBXTargetDependency;
			target = 71C064BB2985727B0070E1C4 /* SWAPI */;
			targetProxy = 71B181962A1FAC90000C6792 /* PBXContainerItemProxy */;
		};
		71D4E92029ED9826006BDCCD /* PBXTargetDependency */ = {
			isa = PBXTargetDependency;
			target = 71C064BB2985727B0070E1C4 /* SWAPI */;
			targetProxy = 71D4E91F29ED9826006BDCCD /* PBXContainerItemProxy */;
		};
/* End PBXTargetDependency section */

/* Begin XCBuildConfiguration section */
		71B181992A1FAC90000C6792 /* Debug */ = {
			isa = XCBuildConfiguration;
			buildSettings = {
				BUNDLE_LOADER = "$(TEST_HOST)";
				CODE_SIGN_STYLE = Automatic;
				CURRENT_PROJECT_VERSION = 1;
				DEVELOPMENT_TEAM = 73X37M5BQV;
				GENERATE_INFOPLIST_FILE = YES;
				MARKETING_VERSION = 1.0;
				PRODUCT_BUNDLE_IDENTIFIER = self.SWAPITests;
				PRODUCT_NAME = "$(TARGET_NAME)";
				SWIFT_EMIT_LOC_STRINGS = NO;
				SWIFT_VERSION = 5.0;
				TARGETED_DEVICE_FAMILY = "1,2";
				TEST_HOST = "$(BUILT_PRODUCTS_DIR)/SWAPI.app/$(BUNDLE_EXECUTABLE_FOLDER_PATH)/SWAPI";
			};
			name = Debug;
		};
		71B1819A2A1FAC90000C6792 /* Release */ = {
			isa = XCBuildConfiguration;
			buildSettings = {
				BUNDLE_LOADER = "$(TEST_HOST)";
				CODE_SIGN_STYLE = Automatic;
				CURRENT_PROJECT_VERSION = 1;
				DEVELOPMENT_TEAM = 73X37M5BQV;
				GENERATE_INFOPLIST_FILE = YES;
				MARKETING_VERSION = 1.0;
				PRODUCT_BUNDLE_IDENTIFIER = self.SWAPITests;
				PRODUCT_NAME = "$(TARGET_NAME)";
				SWIFT_EMIT_LOC_STRINGS = NO;
				SWIFT_VERSION = 5.0;
				TARGETED_DEVICE_FAMILY = "1,2";
				TEST_HOST = "$(BUILT_PRODUCTS_DIR)/SWAPI.app/$(BUNDLE_EXECUTABLE_FOLDER_PATH)/SWAPI";
			};
			name = Release;
		};
		71C064C8298572820070E1C4 /* Debug */ = {
			isa = XCBuildConfiguration;
			buildSettings = {
				ALWAYS_SEARCH_USER_PATHS = NO;
				CLANG_ANALYZER_NONNULL = YES;
				CLANG_ANALYZER_NUMBER_OBJECT_CONVERSION = YES_AGGRESSIVE;
				CLANG_CXX_LANGUAGE_STANDARD = "gnu++20";
				CLANG_ENABLE_MODULES = YES;
				CLANG_ENABLE_OBJC_ARC = YES;
				CLANG_ENABLE_OBJC_WEAK = YES;
				CLANG_WARN_BLOCK_CAPTURE_AUTORELEASING = YES;
				CLANG_WARN_BOOL_CONVERSION = YES;
				CLANG_WARN_COMMA = YES;
				CLANG_WARN_CONSTANT_CONVERSION = YES;
				CLANG_WARN_DEPRECATED_OBJC_IMPLEMENTATIONS = YES;
				CLANG_WARN_DIRECT_OBJC_ISA_USAGE = YES_ERROR;
				CLANG_WARN_DOCUMENTATION_COMMENTS = YES;
				CLANG_WARN_EMPTY_BODY = YES;
				CLANG_WARN_ENUM_CONVERSION = YES;
				CLANG_WARN_INFINITE_RECURSION = YES;
				CLANG_WARN_INT_CONVERSION = YES;
				CLANG_WARN_NON_LITERAL_NULL_CONVERSION = YES;
				CLANG_WARN_OBJC_IMPLICIT_RETAIN_SELF = YES;
				CLANG_WARN_OBJC_LITERAL_CONVERSION = YES;
				CLANG_WARN_OBJC_ROOT_CLASS = YES_ERROR;
				CLANG_WARN_QUOTED_INCLUDE_IN_FRAMEWORK_HEADER = YES;
				CLANG_WARN_RANGE_LOOP_ANALYSIS = YES;
				CLANG_WARN_STRICT_PROTOTYPES = YES;
				CLANG_WARN_SUSPICIOUS_MOVE = YES;
				CLANG_WARN_UNGUARDED_AVAILABILITY = YES_AGGRESSIVE;
				CLANG_WARN_UNREACHABLE_CODE = YES;
				CLANG_WARN__DUPLICATE_METHOD_MATCH = YES;
				COPY_PHASE_STRIP = NO;
				DEBUG_INFORMATION_FORMAT = dwarf;
				ENABLE_STRICT_OBJC_MSGSEND = YES;
				ENABLE_TESTABILITY = YES;
				GCC_C_LANGUAGE_STANDARD = gnu11;
				GCC_DYNAMIC_NO_PIC = NO;
				GCC_NO_COMMON_BLOCKS = YES;
				GCC_OPTIMIZATION_LEVEL = 0;
				GCC_PREPROCESSOR_DEFINITIONS = (
					"DEBUG=1",
					"$(inherited)",
				);
				GCC_WARN_64_TO_32_BIT_CONVERSION = YES;
				GCC_WARN_ABOUT_RETURN_TYPE = YES_ERROR;
				GCC_WARN_UNDECLARED_SELECTOR = YES;
				GCC_WARN_UNINITIALIZED_AUTOS = YES_AGGRESSIVE;
				GCC_WARN_UNUSED_FUNCTION = YES;
				GCC_WARN_UNUSED_VARIABLE = YES;
				IPHONEOS_DEPLOYMENT_TARGET = 16.2;
				MTL_ENABLE_DEBUG_INFO = INCLUDE_SOURCE;
				MTL_FAST_MATH = YES;
				ONLY_ACTIVE_ARCH = YES;
				SDKROOT = iphoneos;
				SWIFT_ACTIVE_COMPILATION_CONDITIONS = DEBUG;
				SWIFT_OPTIMIZATION_LEVEL = "-Onone";
			};
			name = Debug;
		};
		71C064C9298572820070E1C4 /* Release */ = {
			isa = XCBuildConfiguration;
			buildSettings = {
				ALWAYS_SEARCH_USER_PATHS = NO;
				CLANG_ANALYZER_NONNULL = YES;
				CLANG_ANALYZER_NUMBER_OBJECT_CONVERSION = YES_AGGRESSIVE;
				CLANG_CXX_LANGUAGE_STANDARD = "gnu++20";
				CLANG_ENABLE_MODULES = YES;
				CLANG_ENABLE_OBJC_ARC = YES;
				CLANG_ENABLE_OBJC_WEAK = YES;
				CLANG_WARN_BLOCK_CAPTURE_AUTORELEASING = YES;
				CLANG_WARN_BOOL_CONVERSION = YES;
				CLANG_WARN_COMMA = YES;
				CLANG_WARN_CONSTANT_CONVERSION = YES;
				CLANG_WARN_DEPRECATED_OBJC_IMPLEMENTATIONS = YES;
				CLANG_WARN_DIRECT_OBJC_ISA_USAGE = YES_ERROR;
				CLANG_WARN_DOCUMENTATION_COMMENTS = YES;
				CLANG_WARN_EMPTY_BODY = YES;
				CLANG_WARN_ENUM_CONVERSION = YES;
				CLANG_WARN_INFINITE_RECURSION = YES;
				CLANG_WARN_INT_CONVERSION = YES;
				CLANG_WARN_NON_LITERAL_NULL_CONVERSION = YES;
				CLANG_WARN_OBJC_IMPLICIT_RETAIN_SELF = YES;
				CLANG_WARN_OBJC_LITERAL_CONVERSION = YES;
				CLANG_WARN_OBJC_ROOT_CLASS = YES_ERROR;
				CLANG_WARN_QUOTED_INCLUDE_IN_FRAMEWORK_HEADER = YES;
				CLANG_WARN_RANGE_LOOP_ANALYSIS = YES;
				CLANG_WARN_STRICT_PROTOTYPES = YES;
				CLANG_WARN_SUSPICIOUS_MOVE = YES;
				CLANG_WARN_UNGUARDED_AVAILABILITY = YES_AGGRESSIVE;
				CLANG_WARN_UNREACHABLE_CODE = YES;
				CLANG_WARN__DUPLICATE_METHOD_MATCH = YES;
				COPY_PHASE_STRIP = NO;
				DEBUG_INFORMATION_FORMAT = "dwarf-with-dsym";
				ENABLE_NS_ASSERTIONS = NO;
				ENABLE_STRICT_OBJC_MSGSEND = YES;
				GCC_C_LANGUAGE_STANDARD = gnu11;
				GCC_NO_COMMON_BLOCKS = YES;
				GCC_WARN_64_TO_32_BIT_CONVERSION = YES;
				GCC_WARN_ABOUT_RETURN_TYPE = YES_ERROR;
				GCC_WARN_UNDECLARED_SELECTOR = YES;
				GCC_WARN_UNINITIALIZED_AUTOS = YES_AGGRESSIVE;
				GCC_WARN_UNUSED_FUNCTION = YES;
				GCC_WARN_UNUSED_VARIABLE = YES;
				IPHONEOS_DEPLOYMENT_TARGET = 16.2;
				MTL_ENABLE_DEBUG_INFO = NO;
				MTL_FAST_MATH = YES;
				SDKROOT = iphoneos;
				SWIFT_COMPILATION_MODE = wholemodule;
				SWIFT_OPTIMIZATION_LEVEL = "-O";
				VALIDATE_PRODUCT = YES;
			};
			name = Release;
		};
		71C064CB298572820070E1C4 /* Debug */ = {
			isa = XCBuildConfiguration;
			buildSettings = {
				ASSETCATALOG_COMPILER_APPICON_NAME = AppIcon;
				ASSETCATALOG_COMPILER_GLOBAL_ACCENT_COLOR_NAME = AccentColor;
				CODE_SIGN_STYLE = Automatic;
				CURRENT_PROJECT_VERSION = 1;
				DEVELOPMENT_ASSET_PATHS = "\"SWAPI/Preview Content\"";
				DEVELOPMENT_TEAM = 73X37M5BQV;
				ENABLE_PREVIEWS = YES;
				GENERATE_INFOPLIST_FILE = YES;
				INFOPLIST_KEY_UIApplicationSceneManifest_Generation = YES;
				INFOPLIST_KEY_UIApplicationSupportsIndirectInputEvents = YES;
				INFOPLIST_KEY_UILaunchScreen_Generation = YES;
				INFOPLIST_KEY_UISupportedInterfaceOrientations_iPad = "UIInterfaceOrientationPortrait UIInterfaceOrientationPortraitUpsideDown UIInterfaceOrientationLandscapeLeft UIInterfaceOrientationLandscapeRight";
				INFOPLIST_KEY_UISupportedInterfaceOrientations_iPhone = "UIInterfaceOrientationPortrait UIInterfaceOrientationLandscapeLeft UIInterfaceOrientationLandscapeRight";
				LD_RUNPATH_SEARCH_PATHS = (
					"$(inherited)",
					"@executable_path/Frameworks",
				);
				MARKETING_VERSION = 1.0;
				PRODUCT_BUNDLE_IDENTIFIER = self.SWAPI;
				PRODUCT_NAME = "$(TARGET_NAME)";
				SWIFT_EMIT_LOC_STRINGS = YES;
				SWIFT_VERSION = 5.0;
				TARGETED_DEVICE_FAMILY = "1,2";
			};
			name = Debug;
		};
		71C064CC298572820070E1C4 /* Release */ = {
			isa = XCBuildConfiguration;
			buildSettings = {
				ASSETCATALOG_COMPILER_APPICON_NAME = AppIcon;
				ASSETCATALOG_COMPILER_GLOBAL_ACCENT_COLOR_NAME = AccentColor;
				CODE_SIGN_STYLE = Automatic;
				CURRENT_PROJECT_VERSION = 1;
				DEVELOPMENT_ASSET_PATHS = "\"SWAPI/Preview Content\"";
				DEVELOPMENT_TEAM = 73X37M5BQV;
				ENABLE_PREVIEWS = YES;
				GENERATE_INFOPLIST_FILE = YES;
				INFOPLIST_KEY_UIApplicationSceneManifest_Generation = YES;
				INFOPLIST_KEY_UIApplicationSupportsIndirectInputEvents = YES;
				INFOPLIST_KEY_UILaunchScreen_Generation = YES;
				INFOPLIST_KEY_UISupportedInterfaceOrientations_iPad = "UIInterfaceOrientationPortrait UIInterfaceOrientationPortraitUpsideDown UIInterfaceOrientationLandscapeLeft UIInterfaceOrientationLandscapeRight";
				INFOPLIST_KEY_UISupportedInterfaceOrientations_iPhone = "UIInterfaceOrientationPortrait UIInterfaceOrientationLandscapeLeft UIInterfaceOrientationLandscapeRight";
				LD_RUNPATH_SEARCH_PATHS = (
					"$(inherited)",
					"@executable_path/Frameworks",
				);
				MARKETING_VERSION = 1.0;
				PRODUCT_BUNDLE_IDENTIFIER = self.SWAPI;
				PRODUCT_NAME = "$(TARGET_NAME)";
				SWIFT_EMIT_LOC_STRINGS = YES;
				SWIFT_VERSION = 5.0;
				TARGETED_DEVICE_FAMILY = "1,2";
			};
			name = Release;
		};
		71D4E92129ED9826006BDCCD /* Debug */ = {
			isa = XCBuildConfiguration;
			buildSettings = {
				CODE_SIGN_STYLE = Automatic;
				CURRENT_PROJECT_VERSION = 1;
				DEVELOPMENT_TEAM = 73X37M5BQV;
				GENERATE_INFOPLIST_FILE = YES;
				MARKETING_VERSION = 1.0;
				PRODUCT_BUNDLE_IDENTIFIER = self.SWAPIUITests;
				PRODUCT_NAME = "$(TARGET_NAME)";
				SWIFT_EMIT_LOC_STRINGS = NO;
				SWIFT_VERSION = 5.0;
				TARGETED_DEVICE_FAMILY = "1,2";
				TEST_TARGET_NAME = SWAPI;
			};
			name = Debug;
		};
		71D4E92229ED9826006BDCCD /* Release */ = {
			isa = XCBuildConfiguration;
			buildSettings = {
				CODE_SIGN_STYLE = Automatic;
				CURRENT_PROJECT_VERSION = 1;
				DEVELOPMENT_TEAM = 73X37M5BQV;
				GENERATE_INFOPLIST_FILE = YES;
				MARKETING_VERSION = 1.0;
				PRODUCT_BUNDLE_IDENTIFIER = self.SWAPIUITests;
				PRODUCT_NAME = "$(TARGET_NAME)";
				SWIFT_EMIT_LOC_STRINGS = NO;
				SWIFT_VERSION = 5.0;
				TARGETED_DEVICE_FAMILY = "1,2";
				TEST_TARGET_NAME = SWAPI;
			};
			name = Release;
		};
/* End XCBuildConfiguration section */

/* Begin XCConfigurationList section */
		71B181982A1FAC90000C6792 /* Build configuration list for PBXNativeTarget "SWAPITests" */ = {
			isa = XCConfigurationList;
			buildConfigurations = (
				71B181992A1FAC90000C6792 /* Debug */,
				71B1819A2A1FAC90000C6792 /* Release */,
			);
			defaultConfigurationIsVisible = 0;
			defaultConfigurationName = Release;
		};
		71C064B72985727B0070E1C4 /* Build configuration list for PBXProject "SWAPI" */ = {
			isa = XCConfigurationList;
			buildConfigurations = (
				71C064C8298572820070E1C4 /* Debug */,
				71C064C9298572820070E1C4 /* Release */,
			);
			defaultConfigurationIsVisible = 0;
			defaultConfigurationName = Release;
		};
		71C064CA298572820070E1C4 /* Build configuration list for PBXNativeTarget "SWAPI" */ = {
			isa = XCConfigurationList;
			buildConfigurations = (
				71C064CB298572820070E1C4 /* Debug */,
				71C064CC298572820070E1C4 /* Release */,
			);
			defaultConfigurationIsVisible = 0;
			defaultConfigurationName = Release;
		};
		71D4E92329ED9826006BDCCD /* Build configuration list for PBXNativeTarget "SWAPIUITests" */ = {
			isa = XCConfigurationList;
			buildConfigurations = (
				71D4E92129ED9826006BDCCD /* Debug */,
				71D4E92229ED9826006BDCCD /* Release */,
			);
			defaultConfigurationIsVisible = 0;
			defaultConfigurationName = Release;
		};
/* End XCConfigurationList section */

/* Begin XCRemoteSwiftPackageReference section */
		71B181872A1FA875000C6792 /* XCRemoteSwiftPackageReference "CodeScanner" */ = {
			isa = XCRemoteSwiftPackageReference;
			repositoryURL = "https://github.com/twostraws/CodeScanner";
			requirement = {
				branch = main;
				kind = branch;
			};
		};
/* End XCRemoteSwiftPackageReference section */

/* Begin XCSwiftPackageProductDependency section */
		71B181882A1FA875000C6792 /* CodeScanner */ = {
			isa = XCSwiftPackageProductDependency;
			package = 71B181872A1FA875000C6792 /* XCRemoteSwiftPackageReference "CodeScanner" */;
			productName = CodeScanner;
		};
/* End XCSwiftPackageProductDependency section */
	};
	rootObject = 71C064B42985727B0070E1C4 /* Project object */;
}
